// !$*UTF8*$!
{
	archiveVersion = 1;
	classes = {
	};
	objectVersion = 50;
	objects = {

/* Begin PBXBuildFile section */
		1D54195B3F9D6BCA7489927C /* Pods_Marsplay.framework in Frameworks */ = {isa = PBXBuildFile; fileRef = ABD778D6D239DC88E3672DA7 /* Pods_Marsplay.framework */; };
		C5129AE8215D1C560008BB2C /* AppDelegate.swift in Sources */ = {isa = PBXBuildFile; fileRef = C5129AE7215D1C560008BB2C /* AppDelegate.swift */; };
		C5129AEA215D1C560008BB2C /* ViewController.swift in Sources */ = {isa = PBXBuildFile; fileRef = C5129AE9215D1C560008BB2C /* ViewController.swift */; };
		C5129AED215D1C560008BB2C /* Main.storyboard in Resources */ = {isa = PBXBuildFile; fileRef = C5129AEB215D1C560008BB2C /* Main.storyboard */; };
		C5129AEF215D1C780008BB2C /* Assets.xcassets in Resources */ = {isa = PBXBuildFile; fileRef = C5129AEE215D1C780008BB2C /* Assets.xcassets */; };
		C5129AF2215D1C790008BB2C /* LaunchScreen.storyboard in Resources */ = {isa = PBXBuildFile; fileRef = C5129AF0215D1C790008BB2C /* LaunchScreen.storyboard */; };
		C5129AFC215D1EA70008BB2C /* HomeCollectionViewCell.swift in Sources */ = {isa = PBXBuildFile; fileRef = C5129AFB215D1EA70008BB2C /* HomeCollectionViewCell.swift */; };
		C5129B2A215DF2C60008BB2C /* DataModel.swift in Sources */ = {isa = PBXBuildFile; fileRef = C5129B29215DF2C60008BB2C /* DataModel.swift */; };
		C5129B2E215DF5D00008BB2C /* HomeViewController.swift in Sources */ = {isa = PBXBuildFile; fileRef = C5129B2D215DF5D00008BB2C /* HomeViewController.swift */; };
		C5129B30215E029E0008BB2C /* DetailViewController.swift in Sources */ = {isa = PBXBuildFile; fileRef = C5129B2F215E029E0008BB2C /* DetailViewController.swift */; };
/* End PBXBuildFile section */

/* Begin PBXFileReference section */
		6FDB30C5096667B6EE340F2C /* Pods-Marsplay.release.xcconfig */ = {isa = PBXFileReference; includeInIndex = 1; lastKnownFileType = text.xcconfig; name = "Pods-Marsplay.release.xcconfig"; path = "Pods/Target Support Files/Pods-Marsplay/Pods-Marsplay.release.xcconfig"; sourceTree = "<group>"; };
		ABD778D6D239DC88E3672DA7 /* Pods_Marsplay.framework */ = {isa = PBXFileReference; explicitFileType = wrapper.framework; includeInIndex = 0; path = Pods_Marsplay.framework; sourceTree = BUILT_PRODUCTS_DIR; };
		C5129AE4215D1C550008BB2C /* Marsplay.app */ = {isa = PBXFileReference; explicitFileType = wrapper.application; includeInIndex = 0; path = Marsplay.app; sourceTree = BUILT_PRODUCTS_DIR; };
		C5129AE7215D1C560008BB2C /* AppDelegate.swift */ = {isa = PBXFileReference; lastKnownFileType = sourcecode.swift; path = AppDelegate.swift; sourceTree = "<group>"; };
		C5129AE9215D1C560008BB2C /* ViewController.swift */ = {isa = PBXFileReference; lastKnownFileType = sourcecode.swift; path = ViewController.swift; sourceTree = "<group>"; };
		C5129AEC215D1C560008BB2C /* Base */ = {isa = PBXFileReference; lastKnownFileType = file.storyboard; name = Base; path = Base.lproj/Main.storyboard; sourceTree = "<group>"; };
		C5129AEE215D1C780008BB2C /* Assets.xcassets */ = {isa = PBXFileReference; lastKnownFileType = folder.assetcatalog; path = Assets.xcassets; sourceTree = "<group>"; };
		C5129AF1215D1C790008BB2C /* Base */ = {isa = PBXFileReference; lastKnownFileType = file.storyboard; name = Base; path = Base.lproj/LaunchScreen.storyboard; sourceTree = "<group>"; };
		C5129AF3215D1C790008BB2C /* Info.plist */ = {isa = PBXFileReference; lastKnownFileType = text.plist.xml; path = Info.plist; sourceTree = "<group>"; };
		C5129AFB215D1EA70008BB2C /* HomeCollectionViewCell.swift */ = {isa = PBXFileReference; lastKnownFileType = sourcecode.swift; path = HomeCollectionViewCell.swift; sourceTree = "<group>"; };
		C5129B29215DF2C60008BB2C /* DataModel.swift */ = {isa = PBXFileReference; lastKnownFileType = sourcecode.swift; path = DataModel.swift; sourceTree = "<group>"; };
		C5129B2D215DF5D00008BB2C /* HomeViewController.swift */ = {isa = PBXFileReference; lastKnownFileType = sourcecode.swift; path = HomeViewController.swift; sourceTree = "<group>"; };
		C5129B2F215E029E0008BB2C /* DetailViewController.swift */ = {isa = PBXFileReference; lastKnownFileType = sourcecode.swift; path = DetailViewController.swift; sourceTree = "<group>"; };
		E59A27777AC33F3E21866CEF /* Pods-Marsplay.debug.xcconfig */ = {isa = PBXFileReference; includeInIndex = 1; lastKnownFileType = text.xcconfig; name = "Pods-Marsplay.debug.xcconfig"; path = "Pods/Target Support Files/Pods-Marsplay/Pods-Marsplay.debug.xcconfig"; sourceTree = "<group>"; };
/* End PBXFileReference section */

/* Begin PBXFrameworksBuildPhase section */
		C5129AE1215D1C550008BB2C /* Frameworks */ = {
			isa = PBXFrameworksBuildPhase;
			buildActionMask = 2147483647;
			files = (
				1D54195B3F9D6BCA7489927C /* Pods_Marsplay.framework in Frameworks */,
			);
			runOnlyForDeploymentPostprocessing = 0;
		};
/* End PBXFrameworksBuildPhase section */

/* Begin PBXGroup section */
		A9C907A7A77046EEEDA2B364 /* Pods */ = {
			isa = PBXGroup;
			children = (
				E59A27777AC33F3E21866CEF /* Pods-Marsplay.debug.xcconfig */,
				6FDB30C5096667B6EE340F2C /* Pods-Marsplay.release.xcconfig */,
			);
			name = Pods;
			sourceTree = "<group>";
		};
		C5129ADB215D1C550008BB2C = {
			isa = PBXGroup;
			children = (
				C5129AE6215D1C550008BB2C /* Marsplay */,
				C5129AE5215D1C550008BB2C /* Products */,
				A9C907A7A77046EEEDA2B364 /* Pods */,
				CC87061C4D272B8D53C4F34D /* Frameworks */,
			);
			sourceTree = "<group>";
		};
		C5129AE5215D1C550008BB2C /* Products */ = {
			isa = PBXGroup;
			children = (
				C5129AE4215D1C550008BB2C /* Marsplay.app */,
			);
			name = Products;
			sourceTree = "<group>";
		};
		C5129AE6215D1C550008BB2C /* Marsplay */ = {
			isa = PBXGroup;
			children = (
				C5129AE7215D1C560008BB2C /* AppDelegate.swift */,
				C5129AE9215D1C560008BB2C /* ViewController.swift */,
				C5129AEB215D1C560008BB2C /* Main.storyboard */,
				C5129AEE215D1C780008BB2C /* Assets.xcassets */,
				C5129AF0215D1C790008BB2C /* LaunchScreen.storyboard */,
				C5129AF3215D1C790008BB2C /* Info.plist */,
				C5129AFB215D1EA70008BB2C /* HomeCollectionViewCell.swift */,
				C5129B29215DF2C60008BB2C /* DataModel.swift */,
				C5129B2D215DF5D00008BB2C /* HomeViewController.swift */,
				C5129B2F215E029E0008BB2C /* DetailViewController.swift */,
			);
			path = Marsplay;
			sourceTree = "<group>";
		};
		CC87061C4D272B8D53C4F34D /* Frameworks */ = {
			isa = PBXGroup;
			children = (
				ABD778D6D239DC88E3672DA7 /* Pods_Marsplay.framework */,
			);
			name = Frameworks;
			sourceTree = "<group>";
		};
/* End PBXGroup section */

/* Begin PBXNativeTarget section */
		C5129AE3215D1C550008BB2C /* Marsplay */ = {
			isa = PBXNativeTarget;
			buildConfigurationList = C5129AF6215D1C790008BB2C /* Build configuration list for PBXNativeTarget "Marsplay" */;
			buildPhases = (
				58D2E036A51FE2E2B1E61C2B /* [CP] Check Pods Manifest.lock */,
				C5129AE0215D1C550008BB2C /* Sources */,
				C5129AE1215D1C550008BB2C /* Frameworks */,
				C5129AE2215D1C550008BB2C /* Resources */,
				40D3CB6F937C8D80CF2392B3 /* [CP] Embed Pods Frameworks */,
			);
			buildRules = (
			);
			dependencies = (
			);
			name = Marsplay;
			productName = Marsplay;
			productReference = C5129AE4215D1C550008BB2C /* Marsplay.app */;
			productType = "com.apple.product-type.application";
		};
/* End PBXNativeTarget section */

/* Begin PBXProject section */
		C5129ADC215D1C550008BB2C /* Project object */ = {
			isa = PBXProject;
			attributes = {
				LastSwiftUpdateCheck = 1000;
				LastUpgradeCheck = 1000;
				ORGANIZATIONNAME = thincnext;
				TargetAttributes = {
					C5129AE3215D1C550008BB2C = {
						CreatedOnToolsVersion = 10.0;
					};
				};
			};
			buildConfigurationList = C5129ADF215D1C550008BB2C /* Build configuration list for PBXProject "Marsplay" */;
			compatibilityVersion = "Xcode 9.3";
			developmentRegion = en;
			hasScannedForEncodings = 0;
			knownRegions = (
				en,
				Base,
			);
			mainGroup = C5129ADB215D1C550008BB2C;
			productRefGroup = C5129AE5215D1C550008BB2C /* Products */;
			projectDirPath = "";
			projectRoot = "";
			targets = (
				C5129AE3215D1C550008BB2C /* Marsplay */,
			);
		};
/* End PBXProject section */

/* Begin PBXResourcesBuildPhase section */
		C5129AE2215D1C550008BB2C /* Resources */ = {
			isa = PBXResourcesBuildPhase;
			buildActionMask = 2147483647;
			files = (
				C5129AF2215D1C790008BB2C /* LaunchScreen.storyboard in Resources */,
				C5129AEF215D1C780008BB2C /* Assets.xcassets in Resources */,
				C5129AED215D1C560008BB2C /* Main.storyboard in Resources */,
			);
			runOnlyForDeploymentPostprocessing = 0;
		};
/* End PBXResourcesBuildPhase section */

/* Begin PBXShellScriptBuildPhase section */
		40D3CB6F937C8D80CF2392B3 /* [CP] Embed Pods Frameworks */ = {
			isa = PBXShellScriptBuildPhase;
			buildActionMask = 2147483647;
			files = (
			);
			inputPaths = (
				"${SRCROOT}/Pods/Target Support Files/Pods-Marsplay/Pods-Marsplay-frameworks.sh",
				"${BUILT_PRODUCTS_DIR}/SDWebImage/SDWebImage.framework",
			);
			name = "[CP] Embed Pods Frameworks";
			outputPaths = (
				"${TARGET_BUILD_DIR}/${FRAMEWORKS_FOLDER_PATH}/SDWebImage.framework",
			);
			runOnlyForDeploymentPostprocessing = 0;
			shellPath = /bin/sh;
			shellScript = "\"${SRCROOT}/Pods/Target Support Files/Pods-Marsplay/Pods-Marsplay-frameworks.sh\"\n";
			showEnvVarsInLog = 0;
		};
		58D2E036A51FE2E2B1E61C2B /* [CP] Check Pods Manifest.lock */ = {
			isa = PBXShellScriptBuildPhase;
			buildActionMask = 2147483647;
			files = (
			);
			inputPaths = (
				"${PODS_PODFILE_DIR_PATH}/Podfile.lock",
				"${PODS_ROOT}/Manifest.lock",
			);
			name = "[CP] Check Pods Manifest.lock";
			outputPaths = (
				"$(DERIVED_FILE_DIR)/Pods-Marsplay-checkManifestLockResult.txt",
			);
			runOnlyForDeploymentPostprocessing = 0;
			shellPath = /bin/sh;
			shellScript = "diff \"${PODS_PODFILE_DIR_PATH}/Podfile.lock\" \"${PODS_ROOT}/Manifest.lock\" > /dev/null\nif [ $? != 0 ] ; then\n    # print error to STDERR\n    echo \"error: The sandbox is not in sync with the Podfile.lock. Run 'pod install' or update your CocoaPods installation.\" >&2\n    exit 1\nfi\n# This output is used by Xcode 'outputs' to avoid re-running this script phase.\necho \"SUCCESS\" > \"${SCRIPT_OUTPUT_FILE_0}\"\n";
			showEnvVarsInLog = 0;
		};
/* End PBXShellScriptBuildPhase section */

/* Begin PBXSourcesBuildPhase section */
		C5129AE0215D1C550008BB2C /* Sources */ = {
			isa = PBXSourcesBuildPhase;
			buildActionMask = 2147483647;
			files = (
				C5129B2E215DF5D00008BB2C /* HomeViewController.swift in Sources */,
				C5129B2A215DF2C60008BB2C /* DataModel.swift in Sources */,
				C5129AEA215D1C560008BB2C /* ViewController.swift in Sources */,
				C5129B30215E029E0008BB2C /* DetailViewController.swift in Sources */,
				C5129AE8215D1C560008BB2C /* AppDelegate.swift in Sources */,
				C5129AFC215D1EA70008BB2C /* HomeCollectionViewCell.swift in Sources */,
			);
			runOnlyForDeploymentPostprocessing = 0;
		};
/* End PBXSourcesBuildPhase section */

/* Begin PBXVariantGroup section */
		C5129AEB215D1C560008BB2C /* Main.storyboard */ = {
			isa = PBXVariantGroup;
			children = (
				C5129AEC215D1C560008BB2C /* Base */,
			);
			name = Main.storyboard;
			sourceTree = "<group>";
		};
		C5129AF0215D1C790008BB2C /* LaunchScreen.storyboard */ = {
			isa = PBXVariantGroup;
			children = (
				C5129AF1215D1C790008BB2C /* Base */,
			);
			name = LaunchScreen.storyboard;
			sourceTree = "<group>";
		};
/* End PBXVariantGroup section */

/* Begin XCBuildConfiguration section */
		C5129AF4215D1C790008BB2C /* Debug */ = {
			isa = XCBuildConfiguration;
			buildSettings = {
				ALWAYS_SEARCH_USER_PATHS = NO;
				CLANG_ANALYZER_NONNULL = YES;
				CLANG_ANALYZER_NUMBER_OBJECT_CONVERSION = YES_AGGRESSIVE;
				CLANG_CXX_LANGUAGE_STANDARD = "gnu++14";
				CLANG_CXX_LIBRARY = "libc++";
				CLANG_ENABLE_MODULES = YES;
				CLANG_ENABLE_OBJC_ARC = YES;
				CLANG_ENABLE_OBJC_WEAK = YES;
				CLANG_WARN_BLOCK_CAPTURE_AUTORELEASING = YES;
				CLANG_WARN_BOOL_CONVERSION = YES;
				CLANG_WARN_COMMA = YES;
				CLANG_WARN_CONSTANT_CONVERSION = YES;
				CLANG_WARN_DEPRECATED_OBJC_IMPLEMENTATIONS = YES;
				CLANG_WARN_DIRECT_OBJC_ISA_USAGE = YES_ERROR;
				CLANG_WARN_DOCUMENTATION_COMMENTS = YES;
				CLANG_WARN_EMPTY_BODY = YES;
				CLANG_WARN_ENUM_CONVERSION = YES;
				CLANG_WARN_INFINITE_RECURSION = YES;
				CLANG_WARN_INT_CONVERSION = YES;
				CLANG_WARN_NON_LITERAL_NULL_CONVERSION = YES;
				CLANG_WARN_OBJC_IMPLICIT_RETAIN_SELF = YES;
				CLANG_WARN_OBJC_LITERAL_CONVERSION = YES;
				CLANG_WARN_OBJC_ROOT_CLASS = YES_ERROR;
				CLANG_WARN_RANGE_LOOP_ANALYSIS = YES;
				CLANG_WARN_STRICT_PROTOTYPES = YES;
				CLANG_WARN_SUSPICIOUS_MOVE = YES;
				CLANG_WARN_UNGUARDED_AVAILABILITY = YES_AGGRESSIVE;
				CLANG_WARN_UNREACHABLE_CODE = YES;
				CLANG_WARN__DUPLICATE_METHOD_MATCH = YES;
				CODE_SIGN_IDENTITY = "iPhone Developer";
				COPY_PHASE_STRIP = NO;
				DEBUG_INFORMATION_FORMAT = dwarf;
				ENABLE_STRICT_OBJC_MSGSEND = YES;
				ENABLE_TESTABILITY = YES;
				GCC_C_LANGUAGE_STANDARD = gnu11;
				GCC_DYNAMIC_NO_PIC = NO;
				GCC_NO_COMMON_BLOCKS = YES;
				GCC_OPTIMIZATION_LEVEL = 0;
				GCC_PREPROCESSOR_DEFINITIONS = (
					"DEBUG=1",
					"$(inherited)",
				);
				GCC_WARN_64_TO_32_BIT_CONVERSION = YES;
				GCC_WARN_ABOUT_RETURN_TYPE = YES_ERROR;
				GCC_WARN_UNDECLARED_SELECTOR = YES;
				GCC_WARN_UNINITIALIZED_AUTOS = YES_AGGRESSIVE;
				GCC_WARN_UNUSED_FUNCTION = YES;
				GCC_WARN_UNUSED_VARIABLE = YES;
				IPHONEOS_DEPLOYMENT_TARGET = 12.0;
				MTL_ENABLE_DEBUG_INFO = INCLUDE_SOURCE;
				MTL_FAST_MATH = YES;
				ONLY_ACTIVE_ARCH = YES;
				SDKROOT = iphoneos;
				SWIFT_ACTIVE_COMPILATION_CONDITIONS = DEBUG;
				SWIFT_OPTIMIZATION_LEVEL = "-Onone";
			};
			name = Debug;
		};
		C5129AF5215D1C790008BB2C /* Release */ = {
			isa = XCBuildConfiguration;
			buildSettings = {
				ALWAYS_SEARCH_USER_PATHS = NO;
				CLANG_ANALYZER_NONNULL = YES;
				CLANG_ANALYZER_NUMBER_OBJECT_CONVERSION = YES_AGGRESSIVE;
				CLANG_CXX_LANGUAGE_STANDARD = "gnu++14";
				CLANG_CXX_LIBRARY = "libc++";
				CLANG_ENABLE_MODULES = YES;
				CLANG_ENABLE_OBJC_ARC = YES;
				CLANG_ENABLE_OBJC_WEAK = YES;
				CLANG_WARN_BLOCK_CAPTURE_AUTORELEASING = YES;
				CLANG_WARN_BOOL_CONVERSION = YES;
				CLANG_WARN_COMMA = YES;
				CLANG_WARN_CONSTANT_CONVERSION = YES;
				CLANG_WARN_DEPRECATED_OBJC_IMPLEMENTATIONS = YES;
				CLANG_WARN_DIRECT_OBJC_ISA_USAGE = YES_ERROR;
				CLANG_WARN_DOCUMENTATION_COMMENTS = YES;
				CLANG_WARN_EMPTY_BODY = YES;
				CLANG_WARN_ENUM_CONVERSION = YES;
				CLANG_WARN_INFINITE_RECURSION = YES;
				CLANG_WARN_INT_CONVERSION = YES;
				CLANG_WARN_NON_LITERAL_NULL_CONVERSION = YES;
				CLANG_WARN_OBJC_IMPLICIT_RETAIN_SELF = YES;
				CLANG_WARN_OBJC_LITERAL_CONVERSION = YES;
				CLANG_WARN_OBJC_ROOT_CLASS = YES_ERROR;
				CLANG_WARN_RANGE_LOOP_ANALYSIS = YES;
				CLANG_WARN_STRICT_PROTOTYPES = YES;
				CLANG_WARN_SUSPICIOUS_MOVE = YES;
				CLANG_WARN_UNGUARDED_AVAILABILITY = YES_AGGRESSIVE;
				CLANG_WARN_UNREACHABLE_CODE = YES;
				CLANG_WARN__DUPLICATE_METHOD_MATCH = YES;
				CODE_SIGN_IDENTITY = "iPhone Developer";
				COPY_PHASE_STRIP = NO;
				DEBUG_INFORMATION_FORMAT = "dwarf-with-dsym";
				ENABLE_NS_ASSERTIONS = NO;
				ENABLE_STRICT_OBJC_MSGSEND = YES;
				GCC_C_LANGUAGE_STANDARD = gnu11;
				GCC_NO_COMMON_BLOCKS = YES;
				GCC_WARN_64_TO_32_BIT_CONVERSION = YES;
				GCC_WARN_ABOUT_RETURN_TYPE = YES_ERROR;
				GCC_WARN_UNDECLARED_SELECTOR = YES;
				GCC_WARN_UNINITIALIZED_AUTOS = YES_AGGRESSIVE;
				GCC_WARN_UNUSED_FUNCTION = YES;
				GCC_WARN_UNUSED_VARIABLE = YES;
				IPHONEOS_DEPLOYMENT_TARGET = 12.0;
				MTL_ENABLE_DEBUG_INFO = NO;
				MTL_FAST_MATH = YES;
				SDKROOT = iphoneos;
				SWIFT_COMPILATION_MODE = wholemodule;
				SWIFT_OPTIMIZATION_LEVEL = "-O";
				VALIDATE_PRODUCT = YES;
			};
			name = Release;
		};
		C5129AF7215D1C790008BB2C /* Debug */ = {
			isa = XCBuildConfiguration;
			baseConfigurationReference = E59A27777AC33F3E21866CEF /* Pods-Marsplay.debug.xcconfig */;
			buildSettings = {
				ASSETCATALOG_COMPILER_APPICON_NAME = AppIcon;
				CODE_SIGN_STYLE = Automatic;
				DEVELOPMENT_TEAM = NA826W5248;
				INFOPLIST_FILE = Marsplay/Info.plist;
				LD_RUNPATH_SEARCH_PATHS = (
					"$(inherited)",
					"@executable_path/Frameworks",
				);
				PRODUCT_BUNDLE_IDENTIFIER = com.thincnext.Marsplay;
				PRODUCT_NAME = "$(TARGET_NAME)";
				SWIFT_VERSION = 4.2;
				TARGETED_DEVICE_FAMILY = "1,2";
			};
			name = Debug;
		};
		C5129AF8215D1C790008BB2C /* Release */ = {
			isa = XCBuildConfiguration;
			baseConfigurationReference = 6FDB30C5096667B6EE340F2C /* Pods-Marsplay.release.xcconfig */;
			buildSettings = {
				ASSETCATALOG_COMPILER_APPICON_NAME = AppIcon;
				CODE_SIGN_STYLE = Automatic;
				DEVELOPMENT_TEAM = NA826W5248;
				INFOPLIST_FILE = Marsplay/Info.plist;
				LD_RUNPATH_SEARCH_PATHS = (
					"$(inherited)",
					"@executable_path/Frameworks",
				);
				PRODUCT_BUNDLE_IDENTIFIER = com.thincnext.Marsplay;
				PRODUCT_NAME = "$(TARGET_NAME)";
				SWIFT_VERSION = 4.2;
				TARGETED_DEVICE_FAMILY = "1,2";
			};
			name = Release;
		};
/* End XCBuildConfiguration section */

/* Begin XCConfigurationList section */
		C5129ADF215D1C550008BB2C /* Build configuration list for PBXProject "Marsplay" */ = {
			isa = XCConfigurationList;
			buildConfigurations = (
				C5129AF4215D1C790008BB2C /* Debug */,
				C5129AF5215D1C790008BB2C /* Release */,
			);
			defaultConfigurationIsVisible = 0;
			defaultConfigurationName = Release;
		};
		C5129AF6215D1C790008BB2C /* Build configuration list for PBXNativeTarget "Marsplay" */ = {
			isa = XCConfigurationList;
			buildConfigurations = (
				C5129AF7215D1C790008BB2C /* Debug */,
				C5129AF8215D1C790008BB2C /* Release */,
			);
			defaultConfigurationIsVisible = 0;
			defaultConfigurationName = Release;
		};
/* End XCConfigurationList section */
	};
	rootObject = C5129ADC215D1C550008BB2C /* Project object */;
}
